// !$*UTF8*$!
{
	archiveVersion = 1;
	classes = {
	};
	objectVersion = 56;
	objects = {

/* Begin PBXBuildFile section */
		9310143B2B3A15000079724A /* ToastViewWithSwiftUIApp.swift in Sources */ = {isa = PBXBuildFile; fileRef = 9310143A2B3A15000079724A /* ToastViewWithSwiftUIApp.swift */; };
		9310143D2B3A15000079724A /* ContentView.swift in Sources */ = {isa = PBXBuildFile; fileRef = 9310143C2B3A15000079724A /* ContentView.swift */; };
		9310143F2B3A15020079724A /* Assets.xcassets in Resources */ = {isa = PBXBuildFile; fileRef = 9310143E2B3A15020079724A /* Assets.xcassets */; };
		931014422B3A15020079724A /* Preview Assets.xcassets in Resources */ = {isa = PBXBuildFile; fileRef = 931014412B3A15020079724A /* Preview Assets.xcassets */; };
		9310144C2B3A15020079724A /* ToastViewWithSwiftUITests.swift in Sources */ = {isa = PBXBuildFile; fileRef = 9310144B2B3A15020079724A /* ToastViewWithSwiftUITests.swift */; };
		931014562B3A15020079724A /* ToastViewWithSwiftUIUITests.swift in Sources */ = {isa = PBXBuildFile; fileRef = 931014552B3A15020079724A /* ToastViewWithSwiftUIUITests.swift */; };
		931014582B3A15020079724A /* ToastViewWithSwiftUIUITestsLaunchTests.swift in Sources */ = {isa = PBXBuildFile; fileRef = 931014572B3A15020079724A /* ToastViewWithSwiftUIUITestsLaunchTests.swift */; };
/* End PBXBuildFile section */

/* Begin PBXContainerItemProxy section */
		931014482B3A15020079724A /* PBXContainerItemProxy */ = {
			isa = PBXContainerItemProxy;
			containerPortal = 9310142F2B3A15000079724A /* Project object */;
			proxyType = 1;
			remoteGlobalIDString = 931014362B3A15000079724A;
			remoteInfo = ToastViewWithSwiftUI;
		};
		931014522B3A15020079724A /* PBXContainerItemProxy */ = {
			isa = PBXContainerItemProxy;
			containerPortal = 9310142F2B3A15000079724A /* Project object */;
			proxyType = 1;
			remoteGlobalIDString = 931014362B3A15000079724A;
			remoteInfo = ToastViewWithSwiftUI;
		};
/* End PBXContainerItemProxy section */

/* Begin PBXFileReference section */
		931014372B3A15000079724A /* ToastViewWithSwiftUI.app */ = {isa = PBXFileReference; explicitFileType = wrapper.application; includeInIndex = 0; path = ToastViewWithSwiftUI.app; sourceTree = BUILT_PRODUCTS_DIR; };
		9310143A2B3A15000079724A /* ToastViewWithSwiftUIApp.swift */ = {isa = PBXFileReference; lastKnownFileType = sourcecode.swift; path = ToastViewWithSwiftUIApp.swift; sourceTree = "<group>"; };
		9310143C2B3A15000079724A /* ContentView.swift */ = {isa = PBXFileReference; lastKnownFileType = sourcecode.swift; path = ContentView.swift; sourceTree = "<group>"; };
		9310143E2B3A15020079724A /* Assets.xcassets */ = {isa = PBXFileReference; lastKnownFileType = folder.assetcatalog; path = Assets.xcassets; sourceTree = "<group>"; };
		931014412B3A15020079724A /* Preview Assets.xcassets */ = {isa = PBXFileReference; lastKnownFileType = folder.assetcatalog; path = "Preview Assets.xcassets"; sourceTree = "<group>"; };
		931014472B3A15020079724A /* ToastViewWithSwiftUITests.xctest */ = {isa = PBXFileReference; explicitFileType = wrapper.cfbundle; includeInIndex = 0; path = ToastViewWithSwiftUITests.xctest; sourceTree = BUILT_PRODUCTS_DIR; };
		9310144B2B3A15020079724A /* ToastViewWithSwiftUITests.swift */ = {isa = PBXFileReference; lastKnownFileType = sourcecode.swift; path = ToastViewWithSwiftUITests.swift; sourceTree = "<group>"; };
		931014512B3A15020079724A /* ToastViewWithSwiftUIUITests.xctest */ = {isa = PBXFileReference; explicitFileType = wrapper.cfbundle; includeInIndex = 0; path = ToastViewWithSwiftUIUITests.xctest; sourceTree = BUILT_PRODUCTS_DIR; };
		931014552B3A15020079724A /* ToastViewWithSwiftUIUITests.swift */ = {isa = PBXFileReference; lastKnownFileType = sourcecode.swift; path = ToastViewWithSwiftUIUITests.swift; sourceTree = "<group>"; };
		931014572B3A15020079724A /* ToastViewWithSwiftUIUITestsLaunchTests.swift */ = {isa = PBXFileReference; lastKnownFileType = sourcecode.swift; path = ToastViewWithSwiftUIUITestsLaunchTests.swift; sourceTree = "<group>"; };
/* End PBXFileReference section */

/* Begin PBXFrameworksBuildPhase section */
		931014342B3A15000079724A /* Frameworks */ = {
			isa = PBXFrameworksBuildPhase;
			buildActionMask = 2147483647;
			files = (
			);
			runOnlyForDeploymentPostprocessing = 0;
		};
		931014442B3A15020079724A /* Frameworks */ = {
			isa = PBXFrameworksBuildPhase;
			buildActionMask = 2147483647;
			files = (
			);
			runOnlyForDeploymentPostprocessing = 0;
		};
		9310144E2B3A15020079724A /* Frameworks */ = {
			isa = PBXFrameworksBuildPhase;
			buildActionMask = 2147483647;
			files = (
			);
			runOnlyForDeploymentPostprocessing = 0;
		};
/* End PBXFrameworksBuildPhase section */

/* Begin PBXGroup section */
		9310142E2B3A15000079724A = {
			isa = PBXGroup;
			children = (
				931014392B3A15000079724A /* ToastViewWithSwiftUI */,
				9310144A2B3A15020079724A /* ToastViewWithSwiftUITests */,
				931014542B3A15020079724A /* ToastViewWithSwiftUIUITests */,
				931014382B3A15000079724A /* Products */,
			);
			sourceTree = "<group>";
		};
		931014382B3A15000079724A /* Products */ = {
			isa = PBXGroup;
			children = (
				931014372B3A15000079724A /* ToastViewWithSwiftUI.app */,
				931014472B3A15020079724A /* ToastViewWithSwiftUITests.xctest */,
				931014512B3A15020079724A /* ToastViewWithSwiftUIUITests.xctest */,
			);
			name = Products;
			sourceTree = "<group>";
		};
		931014392B3A15000079724A /* ToastViewWithSwiftUI */ = {
			isa = PBXGroup;
			children = (
				9310143A2B3A15000079724A /* ToastViewWithSwiftUIApp.swift */,
				9310143C2B3A15000079724A /* ContentView.swift */,
				9310143E2B3A15020079724A /* Assets.xcassets */,
				931014402B3A15020079724A /* Preview Content */,
			);
			path = ToastViewWithSwiftUI;
			sourceTree = "<group>";
		};
		931014402B3A15020079724A /* Preview Content */ = {
			isa = PBXGroup;
			children = (
				931014412B3A15020079724A /* Preview Assets.xcassets */,
			);
			path = "Preview Content";
			sourceTree = "<group>";
		};
		9310144A2B3A15020079724A /* ToastViewWithSwiftUITests */ = {
			isa = PBXGroup;
			children = (
				9310144B2B3A15020079724A /* ToastViewWithSwiftUITests.swift */,
			);
			path = ToastViewWithSwiftUITests;
			sourceTree = "<group>";
		};
		931014542B3A15020079724A /* ToastViewWithSwiftUIUITests */ = {
			isa = PBXGroup;
			children = (
				931014552B3A15020079724A /* ToastViewWithSwiftUIUITests.swift */,
				931014572B3A15020079724A /* ToastViewWithSwiftUIUITestsLaunchTests.swift */,
			);
			path = ToastViewWithSwiftUIUITests;
			sourceTree = "<group>";
		};
/* End PBXGroup section */

/* Begin PBXNativeTarget section */
		931014362B3A15000079724A /* ToastViewWithSwiftUI */ = {
			isa = PBXNativeTarget;
			buildConfigurationList = 9310145B2B3A15020079724A /* Build configuration list for PBXNativeTarget "ToastViewWithSwiftUI" */;
			buildPhases = (
				931014332B3A15000079724A /* Sources */,
				931014342B3A15000079724A /* Frameworks */,
				931014352B3A15000079724A /* Resources */,
			);
			buildRules = (
			);
			dependencies = (
			);
			name = ToastViewWithSwiftUI;
			productName = ToastViewWithSwiftUI;
			productReference = 931014372B3A15000079724A /* ToastViewWithSwiftUI.app */;
			productType = "com.apple.product-type.application";
		};
		931014462B3A15020079724A /* ToastViewWithSwiftUITests */ = {
			isa = PBXNativeTarget;
			buildConfigurationList = 9310145E2B3A15020079724A /* Build configuration list for PBXNativeTarget "ToastViewWithSwiftUITests" */;
			buildPhases = (
				931014432B3A15020079724A /* Sources */,
				931014442B3A15020079724A /* Frameworks */,
				931014452B3A15020079724A /* Resources */,
			);
			buildRules = (
			);
			dependencies = (
				931014492B3A15020079724A /* PBXTargetDependency */,
			);
			name = ToastViewWithSwiftUITests;
			productName = ToastViewWithSwiftUITests;
			productReference = 931014472B3A15020079724A /* ToastViewWithSwiftUITests.xctest */;
			productType = "com.apple.product-type.bundle.unit-test";
		};
		931014502B3A15020079724A /* ToastViewWithSwiftUIUITests */ = {
			isa = PBXNativeTarget;
			buildConfigurationList = 931014612B3A15020079724A /* Build configuration list for PBXNativeTarget "ToastViewWithSwiftUIUITests" */;
			buildPhases = (
				9310144D2B3A15020079724A /* Sources */,
				9310144E2B3A15020079724A /* Frameworks */,
				9310144F2B3A15020079724A /* Resources */,
			);
			buildRules = (
			);
			dependencies = (
				931014532B3A15020079724A /* PBXTargetDependency */,
			);
			name = ToastViewWithSwiftUIUITests;
			productName = ToastViewWithSwiftUIUITests;
			productReference = 931014512B3A15020079724A /* ToastViewWithSwiftUIUITests.xctest */;
			productType = "com.apple.product-type.bundle.ui-testing";
		};
/* End PBXNativeTarget section */

/* Begin PBXProject section */
		9310142F2B3A15000079724A /* Project object */ = {
			isa = PBXProject;
			attributes = {
				BuildIndependentTargetsInParallel = 1;
				LastSwiftUpdateCheck = 1410;
				LastUpgradeCheck = 1410;
				TargetAttributes = {
					931014362B3A15000079724A = {
						CreatedOnToolsVersion = 14.1;
					};
					931014462B3A15020079724A = {
						CreatedOnToolsVersion = 14.1;
						TestTargetID = 931014362B3A15000079724A;
					};
					931014502B3A15020079724A = {
						CreatedOnToolsVersion = 14.1;
						TestTargetID = 931014362B3A15000079724A;
					};
				};
			};
			buildConfigurationList = 931014322B3A15000079724A /* Build configuration list for PBXProject "ToastViewWithSwiftUI" */;
			compatibilityVersion = "Xcode 14.0";
			developmentRegion = en;
			hasScannedForEncodings = 0;
			knownRegions = (
				en,
				Base,
			);
			mainGroup = 9310142E2B3A15000079724A;
			productRefGroup = 931014382B3A15000079724A /* Products */;
			projectDirPath = "";
			projectRoot = "";
			targets = (
				931014362B3A15000079724A /* ToastViewWithSwiftUI */,
				931014462B3A15020079724A /* ToastViewWithSwiftUITests */,
				931014502B3A15020079724A /* ToastViewWithSwiftUIUITests */,
			);
		};
/* End PBXProject section */

/* Begin PBXResourcesBuildPhase section */
		931014352B3A15000079724A /* Resources */ = {
			isa = PBXResourcesBuildPhase;
			buildActionMask = 2147483647;
			files = (
				931014422B3A15020079724A /* Preview Assets.xcassets in Resources */,
				9310143F2B3A15020079724A /* Assets.xcassets in Resources */,
			);
			runOnlyForDeploymentPostprocessing = 0;
		};
		931014452B3A15020079724A /* Resources */ = {
			isa = PBXResourcesBuildPhase;
			buildActionMask = 2147483647;
			files = (
			);
			runOnlyForDeploymentPostprocessing = 0;
		};
		9310144F2B3A15020079724A /* Resources */ = {
			isa = PBXResourcesBuildPhase;
			buildActionMask = 2147483647;
			files = (
			);
			runOnlyForDeploymentPostprocessing = 0;
		};
/* End PBXResourcesBuildPhase section */

/* Begin PBXSourcesBuildPhase section */
		931014332B3A15000079724A /* Sources */ = {
			isa = PBXSourcesBuildPhase;
			buildActionMask = 2147483647;
			files = (
				9310143D2B3A15000079724A /* ContentView.swift in Sources */,
				9310143B2B3A15000079724A /* ToastViewWithSwiftUIApp.swift in Sources */,
			);
			runOnlyForDeploymentPostprocessing = 0;
		};
		931014432B3A15020079724A /* Sources */ = {
			isa = PBXSourcesBuildPhase;
			buildActionMask = 2147483647;
			files = (
				9310144C2B3A15020079724A /* ToastViewWithSwiftUITests.swift in Sources */,
			);
			runOnlyForDeploymentPostprocessing = 0;
		};
		9310144D2B3A15020079724A /* Sources */ = {
			isa = PBXSourcesBuildPhase;
			buildActionMask = 2147483647;
			files = (
				931014562B3A15020079724A /* ToastViewWithSwiftUIUITests.swift in Sources */,
				931014582B3A15020079724A /* ToastViewWithSwiftUIUITestsLaunchTests.swift in Sources */,
			);
			runOnlyForDeploymentPostprocessing = 0;
		};
/* End PBXSourcesBuildPhase section */

/* Begin PBXTargetDependency section */
		931014492B3A15020079724A /* PBXTargetDependency */ = {
			isa = PBXTargetDependency;
			target = 931014362B3A15000079724A /* ToastViewWithSwiftUI */;
			targetProxy = 931014482B3A15020079724A /* PBXContainerItemProxy */;
		};
		931014532B3A15020079724A /* PBXTargetDependency */ = {
			isa = PBXTargetDependency;
			target = 931014362B3A15000079724A /* ToastViewWithSwiftUI */;
			targetProxy = 931014522B3A15020079724A /* PBXContainerItemProxy */;
		};
/* End PBXTargetDependency section */

/* Begin XCBuildConfiguration section */
		931014592B3A15020079724A /* Debug */ = {
			isa = XCBuildConfiguration;
			buildSettings = {
				ALWAYS_SEARCH_USER_PATHS = NO;
				CLANG_ANALYZER_NONNULL = YES;
				CLANG_ANALYZER_NUMBER_OBJECT_CONVERSION = YES_AGGRESSIVE;
				CLANG_CXX_LANGUAGE_STANDARD = "gnu++20";
				CLANG_ENABLE_MODULES = YES;
				CLANG_ENABLE_OBJC_ARC = YES;
				CLANG_ENABLE_OBJC_WEAK = YES;
				CLANG_WARN_BLOCK_CAPTURE_AUTORELEASING = YES;
				CLANG_WARN_BOOL_CONVERSION = YES;
				CLANG_WARN_COMMA = YES;
				CLANG_WARN_CONSTANT_CONVERSION = YES;
				CLANG_WARN_DEPRECATED_OBJC_IMPLEMENTATIONS = YES;
				CLANG_WARN_DIRECT_OBJC_ISA_USAGE = YES_ERROR;
				CLANG_WARN_DOCUMENTATION_COMMENTS = YES;
				CLANG_WARN_EMPTY_BODY = YES;
				CLANG_WARN_ENUM_CONVERSION = YES;
				CLANG_WARN_INFINITE_RECURSION = YES;
				CLANG_WARN_INT_CONVERSION = YES;
				CLANG_WARN_NON_LITERAL_NULL_CONVERSION = YES;
				CLANG_WARN_OBJC_IMPLICIT_RETAIN_SELF = YES;
				CLANG_WARN_OBJC_LITERAL_CONVERSION = YES;
				CLANG_WARN_OBJC_ROOT_CLASS = YES_ERROR;
				CLANG_WARN_QUOTED_INCLUDE_IN_FRAMEWORK_HEADER = YES;
				CLANG_WARN_RANGE_LOOP_ANALYSIS = YES;
				CLANG_WARN_STRICT_PROTOTYPES = YES;
				CLANG_WARN_SUSPICIOUS_MOVE = YES;
				CLANG_WARN_UNGUARDED_AVAILABILITY = YES_AGGRESSIVE;
				CLANG_WARN_UNREACHABLE_CODE = YES;
				CLANG_WARN__DUPLICATE_METHOD_MATCH = YES;
				COPY_PHASE_STRIP = NO;
				DEBUG_INFORMATION_FORMAT = dwarf;
				ENABLE_STRICT_OBJC_MSGSEND = YES;
				ENABLE_TESTABILITY = YES;
				GCC_C_LANGUAGE_STANDARD = gnu11;
				GCC_DYNAMIC_NO_PIC = NO;
				GCC_NO_COMMON_BLOCKS = YES;
				GCC_OPTIMIZATION_LEVEL = 0;
				GCC_PREPROCESSOR_DEFINITIONS = (
					"DEBUG=1",
					"$(inherited)",
				);
				GCC_WARN_64_TO_32_BIT_CONVERSION = YES;
				GCC_WARN_ABOUT_RETURN_TYPE = YES_ERROR;
				GCC_WARN_UNDECLARED_SELECTOR = YES;
				GCC_WARN_UNINITIALIZED_AUTOS = YES_AGGRESSIVE;
				GCC_WARN_UNUSED_FUNCTION = YES;
				GCC_WARN_UNUSED_VARIABLE = YES;
				IPHONEOS_DEPLOYMENT_TARGET = 16.1;
				MTL_ENABLE_DEBUG_INFO = INCLUDE_SOURCE;
				MTL_FAST_MATH = YES;
				ONLY_ACTIVE_ARCH = YES;
				SDKROOT = iphoneos;
				SWIFT_ACTIVE_COMPILATION_CONDITIONS = DEBUG;
				SWIFT_OPTIMIZATION_LEVEL = "-Onone";
			};
			name = Debug;
		};
		9310145A2B3A15020079724A /* Release */ = {
			isa = XCBuildConfiguration;
			buildSettings = {
				ALWAYS_SEARCH_USER_PATHS = NO;
				CLANG_ANALYZER_NONNULL = YES;
				CLANG_ANALYZER_NUMBER_OBJECT_CONVERSION = YES_AGGRESSIVE;
				CLANG_CXX_LANGUAGE_STANDARD = "gnu++20";
				CLANG_ENABLE_MODULES = YES;
				CLANG_ENABLE_OBJC_ARC = YES;
				CLANG_ENABLE_OBJC_WEAK = YES;
				CLANG_WARN_BLOCK_CAPTURE_AUTORELEASING = YES;
				CLANG_WARN_BOOL_CONVERSION = YES;
				CLANG_WARN_COMMA = YES;
				CLANG_WARN_CONSTANT_CONVERSION = YES;
				CLANG_WARN_DEPRECATED_OBJC_IMPLEMENTATIONS = YES;
				CLANG_WARN_DIRECT_OBJC_ISA_USAGE = YES_ERROR;
				CLANG_WARN_DOCUMENTATION_COMMENTS = YES;
				CLANG_WARN_EMPTY_BODY = YES;
				CLANG_WARN_ENUM_CONVERSION = YES;
				CLANG_WARN_INFINITE_RECURSION = YES;
				CLANG_WARN_INT_CONVERSION = YES;
				CLANG_WARN_NON_LITERAL_NULL_CONVERSION = YES;
				CLANG_WARN_OBJC_IMPLICIT_RETAIN_SELF = YES;
				CLANG_WARN_OBJC_LITERAL_CONVERSION = YES;
				CLANG_WARN_OBJC_ROOT_CLASS = YES_ERROR;
				CLANG_WARN_QUOTED_INCLUDE_IN_FRAMEWORK_HEADER = YES;
				CLANG_WARN_RANGE_LOOP_ANALYSIS = YES;
				CLANG_WARN_STRICT_PROTOTYPES = YES;
				CLANG_WARN_SUSPICIOUS_MOVE = YES;
				CLANG_WARN_UNGUARDED_AVAILABILITY = YES_AGGRESSIVE;
				CLANG_WARN_UNREACHABLE_CODE = YES;
				CLANG_WARN__DUPLICATE_METHOD_MATCH = YES;
				COPY_PHASE_STRIP = NO;
				DEBUG_INFORMATION_FORMAT = "dwarf-with-dsym";
				ENABLE_NS_ASSERTIONS = NO;
				ENABLE_STRICT_OBJC_MSGSEND = YES;
				GCC_C_LANGUAGE_STANDARD = gnu11;
				GCC_NO_COMMON_BLOCKS = YES;
				GCC_WARN_64_TO_32_BIT_CONVERSION = YES;
				GCC_WARN_ABOUT_RETURN_TYPE = YES_ERROR;
				GCC_WARN_UNDECLARED_SELECTOR = YES;
				GCC_WARN_UNINITIALIZED_AUTOS = YES_AGGRESSIVE;
				GCC_WARN_UNUSED_FUNCTION = YES;
				GCC_WARN_UNUSED_VARIABLE = YES;
				IPHONEOS_DEPLOYMENT_TARGET = 16.1;
				MTL_ENABLE_DEBUG_INFO = NO;
				MTL_FAST_MATH = YES;
				SDKROOT = iphoneos;
				SWIFT_COMPILATION_MODE = wholemodule;
				SWIFT_OPTIMIZATION_LEVEL = "-O";
				VALIDATE_PRODUCT = YES;
			};
			name = Release;
		};
		9310145C2B3A15020079724A /* Debug */ = {
			isa = XCBuildConfiguration;
			buildSettings = {
				ASSETCATALOG_COMPILER_APPICON_NAME = AppIcon;
				ASSETCATALOG_COMPILER_GLOBAL_ACCENT_COLOR_NAME = AccentColor;
				CODE_SIGN_STYLE = Automatic;
				CURRENT_PROJECT_VERSION = 1;
				DEVELOPMENT_ASSET_PATHS = "\"ToastViewWithSwiftUI/Preview Content\"";
				DEVELOPMENT_TEAM = 99485X5JU5;
				ENABLE_PREVIEWS = YES;
				GENERATE_INFOPLIST_FILE = YES;
				INFOPLIST_KEY_UIApplicationSceneManifest_Generation = YES;
				INFOPLIST_KEY_UIApplicationSupportsIndirectInputEvents = YES;
				INFOPLIST_KEY_UILaunchScreen_Generation = YES;
				INFOPLIST_KEY_UISupportedInterfaceOrientations_iPad = "UIInterfaceOrientationPortrait UIInterfaceOrientationPortraitUpsideDown UIInterfaceOrientationLandscapeLeft UIInterfaceOrientationLandscapeRight";
				INFOPLIST_KEY_UISupportedInterfaceOrientations_iPhone = "UIInterfaceOrientationPortrait UIInterfaceOrientationLandscapeLeft UIInterfaceOrientationLandscapeRight";
				LD_RUNPATH_SEARCH_PATHS = (
					"$(inherited)",
					"@executable_path/Frameworks",
				);
				MARKETING_VERSION = 1.0;
				PRODUCT_BUNDLE_IDENTIFIER = io.gauravtak.ToastViewWithSwiftUI;
				PRODUCT_NAME = "$(TARGET_NAME)";
				SWIFT_EMIT_LOC_STRINGS = YES;
				SWIFT_VERSION = 5.0;
				TARGETED_DEVICE_FAMILY = "1,2";
			};
			name = Debug;
		};
		9310145D2B3A15020079724A /* Release */ = {
			isa = XCBuildConfiguration;
			buildSettings = {
				ASSETCATALOG_COMPILER_APPICON_NAME = AppIcon;
				ASSETCATALOG_COMPILER_GLOBAL_ACCENT_COLOR_NAME = AccentColor;
				CODE_SIGN_STYLE = Automatic;
				CURRENT_PROJECT_VERSION = 1;
				DEVELOPMENT_ASSET_PATHS = "\"ToastViewWithSwiftUI/Preview Content\"";
				DEVELOPMENT_TEAM = 99485X5JU5;
				ENABLE_PREVIEWS = YES;
				GENERATE_INFOPLIST_FILE = YES;
				INFOPLIST_KEY_UIApplicationSceneManifest_Generation = YES;
				INFOPLIST_KEY_UIApplicationSupportsIndirectInputEvents = YES;
				INFOPLIST_KEY_UILaunchScreen_Generation = YES;
				INFOPLIST_KEY_UISupportedInterfaceOrientations_iPad = "UIInterfaceOrientationPortrait UIInterfaceOrientationPortraitUpsideDown UIInterfaceOrientationLandscapeLeft UIInterfaceOrientationLandscapeRight";
				INFOPLIST_KEY_UISupportedInterfaceOrientations_iPhone = "UIInterfaceOrientationPortrait UIInterfaceOrientationLandscapeLeft UIInterfaceOrientationLandscapeRight";
				LD_RUNPATH_SEARCH_PATHS = (
					"$(inherited)",
					"@executable_path/Frameworks",
				);
				MARKETING_VERSION = 1.0;
				PRODUCT_BUNDLE_IDENTIFIER = io.gauravtak.ToastViewWithSwiftUI;
				PRODUCT_NAME = "$(TARGET_NAME)";
				SWIFT_EMIT_LOC_STRINGS = YES;
				SWIFT_VERSION = 5.0;
				TARGETED_DEVICE_FAMILY = "1,2";
			};
			name = Release;
		};
		9310145F2B3A15020079724A /* Debug */ = {
			isa = XCBuildConfiguration;
			buildSettings = {
				ALWAYS_EMBED_SWIFT_STANDARD_LIBRARIES = YES;
				BUNDLE_LOADER = "$(TEST_HOST)";
				CODE_SIGN_STYLE = Automatic;
				CURRENT_PROJECT_VERSION = 1;
				DEVELOPMENT_TEAM = 99485X5JU5;
				GENERATE_INFOPLIST_FILE = YES;
				IPHONEOS_DEPLOYMENT_TARGET = 16.1;
				MARKETING_VERSION = 1.0;
				PRODUCT_BUNDLE_IDENTIFIER = io.gauravtak.ToastViewWithSwiftUITests;
				PRODUCT_NAME = "$(TARGET_NAME)";
				SWIFT_EMIT_LOC_STRINGS = NO;
				SWIFT_VERSION = 5.0;
				TARGETED_DEVICE_FAMILY = "1,2";
				TEST_HOST = "$(BUILT_PRODUCTS_DIR)/ToastViewWithSwiftUI.app/$(BUNDLE_EXECUTABLE_FOLDER_PATH)/ToastViewWithSwiftUI";
			};
			name = Debug;
		};
		931014602B3A15020079724A /* Release */ = {
			isa = XCBuildConfiguration;
			buildSettings = {
				ALWAYS_EMBED_SWIFT_STANDARD_LIBRARIES = YES;
				BUNDLE_LOADER = "$(TEST_HOST)";
				CODE_SIGN_STYLE = Automatic;
				CURRENT_PROJECT_VERSION = 1;
				DEVELOPMENT_TEAM = 99485X5JU5;
				GENERATE_INFOPLIST_FILE = YES;
				IPHONEOS_DEPLOYMENT_TARGET = 16.1;
				MARKETING_VERSION = 1.0;
				PRODUCT_BUNDLE_IDENTIFIER = io.gauravtak.ToastViewWithSwiftUITests;
				PRODUCT_NAME = "$(TARGET_NAME)";
				SWIFT_EMIT_LOC_STRINGS = NO;
				SWIFT_VERSION = 5.0;
				TARGETED_DEVICE_FAMILY = "1,2";
				TEST_HOST = "$(BUILT_PRODUCTS_DIR)/ToastViewWithSwiftUI.app/$(BUNDLE_EXECUTABLE_FOLDER_PATH)/ToastViewWithSwiftUI";
			};
			name = Release;
		};
		931014622B3A15020079724A /* Debug */ = {
			isa = XCBuildConfiguration;
			buildSettings = {
				ALWAYS_EMBED_SWIFT_STANDARD_LIBRARIES = YES;
				CODE_SIGN_STYLE = Automatic;
				CURRENT_PROJECT_VERSION = 1;
				DEVELOPMENT_TEAM = 99485X5JU5;
				GENERATE_INFOPLIST_FILE = YES;
				MARKETING_VERSION = 1.0;
				PRODUCT_BUNDLE_IDENTIFIER = io.gauravtak.ToastViewWithSwiftUIUITests;
				PRODUCT_NAME = "$(TARGET_NAME)";
				SWIFT_EMIT_LOC_STRINGS = NO;
				SWIFT_VERSION = 5.0;
				TARGETED_DEVICE_FAMILY = "1,2";
				TEST_TARGET_NAME = ToastViewWithSwiftUI;
			};
			name = Debug;
		};
		931014632B3A15020079724A /* Release */ = {
			isa = XCBuildConfiguration;
			buildSettings = {
				ALWAYS_EMBED_SWIFT_STANDARD_LIBRARIES = YES;
				CODE_SIGN_STYLE = Automatic;
				CURRENT_PROJECT_VERSION = 1;
				DEVELOPMENT_TEAM = 99485X5JU5;
				GENERATE_INFOPLIST_FILE = YES;
				MARKETING_VERSION = 1.0;
				PRODUCT_BUNDLE_IDENTIFIER = io.gauravtak.ToastViewWithSwiftUIUITests;
				PRODUCT_NAME = "$(TARGET_NAME)";
				SWIFT_EMIT_LOC_STRINGS = NO;
				SWIFT_VERSION = 5.0;
				TARGETED_DEVICE_FAMILY = "1,2";
				TEST_TARGET_NAME = ToastViewWithSwiftUI;
			};
			name = Release;
		};
/* End XCBuildConfiguration section */

/* Begin XCConfigurationList section */
		931014322B3A15000079724A /* Build configuration list for PBXProject "ToastViewWithSwiftUI" */ = {
			isa = XCConfigurationList;
			buildConfigurations = (
				931014592B3A15020079724A /* Debug */,
				9310145A2B3A15020079724A /* Release */,
			);
			defaultConfigurationIsVisible = 0;
			defaultConfigurationName = Release;
		};
		9310145B2B3A15020079724A /* Build configuration list for PBXNativeTarget "ToastViewWithSwiftUI" */ = {
			isa = XCConfigurationList;
			buildConfigurations = (
				9310145C2B3A15020079724A /* Debug */,
				9310145D2B3A15020079724A /* Release */,
			);
			defaultConfigurationIsVisible = 0;
			defaultConfigurationName = Release;
		};
		9310145E2B3A15020079724A /* Build configuration list for PBXNativeTarget "ToastViewWithSwiftUITests" */ = {
			isa = XCConfigurationList;
			buildConfigurations = (
				9310145F2B3A15020079724A /* Debug */,
				931014602B3A15020079724A /* Release */,
			);
			defaultConfigurationIsVisible = 0;
			defaultConfigurationName = Release;
		};
		931014612B3A15020079724A /* Build configuration list for PBXNativeTarget "ToastViewWithSwiftUIUITests" */ = {
			isa = XCConfigurationList;
			buildConfigurations = (
				931014622B3A15020079724A /* Debug */,
				931014632B3A15020079724A /* Release */,
			);
			defaultConfigurationIsVisible = 0;
			defaultConfigurationName = Release;
		};
/* End XCConfigurationList section */
	};
	rootObject = 9310142F2B3A15000079724A /* Project object */;
}
